
Microsoft Visual Studio Solution File, Format Version 12.00
# Visual Studio Version 17
VisualStudioVersion = 17.9.34723.18
MinimumVisualStudioVersion = 10.0.40219.1
Project("{9A19103F-16F7-4668-BE54-9A1E7A4F7556}") = "adv_Backend_Entrance.UserService", "adv_Backend_Entrance.UserService\adv_Backend_Entrance.UserService.csproj", "{7FC20636-1066-4891-A9A9-1DF5D699935A}"
EndProject
Project("{9A19103F-16F7-4668-BE54-9A1E7A4F7556}") = "adv_Backend_Entrance.UserService.BL", "adv_Backend_Entrance.UserService.BL\adv_Backend_Entrance.UserService.BL.csproj", "{FEFF7E35-A686-4DF5-8699-EDE2182A5878}"
EndProject
Project("{9A19103F-16F7-4668-BE54-9A1E7A4F7556}") = "adv_Backend_Entrance.UserService.DAL", "adv_Backend_Entrance.UserService.DAL\adv_Backend_Entrance.UserService.DAL.csproj", "{BEA5FED2-6B50-4C75-95AB-1F5DC471E71F}"
EndProject
Project("{9A19103F-16F7-4668-BE54-9A1E7A4F7556}") = "adv_Backend_Entrance.Common", "adv_Backend_Entrance.Common\adv_Backend_Entrance.Common.csproj", "{90D53B11-8281-498B-BE41-0CF51602F598}"
EndProject
Project("{9A19103F-16F7-4668-BE54-9A1E7A4F7556}") = "adv_Backend_Entrance.FacultyService.BL", "adv_Backend_Entrance.FacultyService.BL\adv_Backend_Entrance.FacultyService.BL.csproj", "{16018AA7-ED0A-4D73-9135-9B94DBA98617}"
EndProject
Project("{9A19103F-16F7-4668-BE54-9A1E7A4F7556}") = "adv_Backend_Entrance.FacultyService.MVCPanel", "adv_Backend_Entrance.FacultyService.MVCPanel\adv_Backend_Entrance.FacultyService.MVCPanel.csproj", "{13249C55-C7F6-4999-998E-50CC3DA03674}"
EndProject
Project("{9A19103F-16F7-4668-BE54-9A1E7A4F7556}") = "adv_Backend_Entrance.FacultyService.DAL", "adv_Backend_Entrance.FacultyService.DAL\adv_Backend_Entrance.FacultyService.DAL.csproj", "{8EA9498C-60A6-4DBB-A4DC-1F232F75D839}"
EndProject
Project("{FAE04EC0-301F-11D3-BF4B-00C04F79EFBC}") = "adv_Backend_Entrance_Notification.DAL", "adv_Backend_Entrance_Notification.DAL\adv_Backend_Entrance_Notification.DAL.csproj", "{49AF25ED-8388-4248-9908-8E1A6C5D0EE8}"
EndProject
Project("{FAE04EC0-301F-11D3-BF4B-00C04F79EFBC}") = "adv_Backend_Entrance_Notification.BL", "adv_Backend_Entrance_Notification.BL\adv_Backend_Entrance_Notification.BL.csproj", "{AC6BBC81-88E1-42A7-9641-D2FCCE1A4D69}"
EndProject
Project("{FAE04EC0-301F-11D3-BF4B-00C04F79EFBC}") = "adv_Backend_Entrance_Notification", "adv_Backend_Entrance_Notification\adv_Backend_Entrance_Notification.csproj", "{0037D096-985C-43AF-BBF8-826C8EADEB14}"
EndProject
Global
	GlobalSection(SolutionConfigurationPlatforms) = preSolution
		Debug|Any CPU = Debug|Any CPU
		Release|Any CPU = Release|Any CPU
	EndGlobalSection
	GlobalSection(ProjectConfigurationPlatforms) = postSolution
		{7FC20636-1066-4891-A9A9-1DF5D699935A}.Debug|Any CPU.ActiveCfg = Debug|Any CPU
		{7FC20636-1066-4891-A9A9-1DF5D699935A}.Debug|Any CPU.Build.0 = Debug|Any CPU
		{7FC20636-1066-4891-A9A9-1DF5D699935A}.Release|Any CPU.ActiveCfg = Release|Any CPU
		{7FC20636-1066-4891-A9A9-1DF5D699935A}.Release|Any CPU.Build.0 = Release|Any CPU
		{FEFF7E35-A686-4DF5-8699-EDE2182A5878}.Debug|Any CPU.ActiveCfg = Debug|Any CPU
		{FEFF7E35-A686-4DF5-8699-EDE2182A5878}.Debug|Any CPU.Build.0 = Debug|Any CPU
		{FEFF7E35-A686-4DF5-8699-EDE2182A5878}.Release|Any CPU.ActiveCfg = Release|Any CPU
		{FEFF7E35-A686-4DF5-8699-EDE2182A5878}.Release|Any CPU.Build.0 = Release|Any CPU
		{BEA5FED2-6B50-4C75-95AB-1F5DC471E71F}.Debug|Any CPU.ActiveCfg = Debug|Any CPU
		{BEA5FED2-6B50-4C75-95AB-1F5DC471E71F}.Debug|Any CPU.Build.0 = Debug|Any CPU
		{BEA5FED2-6B50-4C75-95AB-1F5DC471E71F}.Release|Any CPU.ActiveCfg = Release|Any CPU
		{BEA5FED2-6B50-4C75-95AB-1F5DC471E71F}.Release|Any CPU.Build.0 = Release|Any CPU
		{90D53B11-8281-498B-BE41-0CF51602F598}.Debug|Any CPU.ActiveCfg = Debug|Any CPU
		{90D53B11-8281-498B-BE41-0CF51602F598}.Debug|Any CPU.Build.0 = Debug|Any CPU
		{90D53B11-8281-498B-BE41-0CF51602F598}.Release|Any CPU.ActiveCfg = Release|Any CPU
		{90D53B11-8281-498B-BE41-0CF51602F598}.Release|Any CPU.Build.0 = Release|Any CPU
		{16018AA7-ED0A-4D73-9135-9B94DBA98617}.Debug|Any CPU.ActiveCfg = Debug|Any CPU
		{16018AA7-ED0A-4D73-9135-9B94DBA98617}.Debug|Any CPU.Build.0 = Debug|Any CPU
		{16018AA7-ED0A-4D73-9135-9B94DBA98617}.Release|Any CPU.ActiveCfg = Release|Any CPU
		{16018AA7-ED0A-4D73-9135-9B94DBA98617}.Release|Any CPU.Build.0 = Release|Any CPU
		{13249C55-C7F6-4999-998E-50CC3DA03674}.Debug|Any CPU.ActiveCfg = Debug|Any CPU
		{13249C55-C7F6-4999-998E-50CC3DA03674}.Debug|Any CPU.Build.0 = Debug|Any CPU
		{13249C55-C7F6-4999-998E-50CC3DA03674}.Release|Any CPU.ActiveCfg = Release|Any CPU
		{13249C55-C7F6-4999-998E-50CC3DA03674}.Release|Any CPU.Build.0 = Release|Any CPU
		{8EA9498C-60A6-4DBB-A4DC-1F232F75D839}.Debug|Any CPU.ActiveCfg = Debug|Any CPU
		{8EA9498C-60A6-4DBB-A4DC-1F232F75D839}.Debug|Any CPU.Build.0 = Debug|Any CPU
		{8EA9498C-60A6-4DBB-A4DC-1F232F75D839}.Release|Any CPU.ActiveCfg = Release|Any CPU
		{8EA9498C-60A6-4DBB-A4DC-1F232F75D839}.Release|Any CPU.Build.0 = Release|Any CPU
		{49AF25ED-8388-4248-9908-8E1A6C5D0EE8}.Debug|Any CPU.ActiveCfg = Debug|Any CPU
		{49AF25ED-8388-4248-9908-8E1A6C5D0EE8}.Debug|Any CPU.Build.0 = Debug|Any CPU
		{49AF25ED-8388-4248-9908-8E1A6C5D0EE8}.Release|Any CPU.ActiveCfg = Release|Any CPU
		{49AF25ED-8388-4248-9908-8E1A6C5D0EE8}.Release|Any CPU.Build.0 = Release|Any CPU
		{AC6BBC81-88E1-42A7-9641-D2FCCE1A4D69}.Debug|Any CPU.ActiveCfg = Debug|Any CPU
		{AC6BBC81-88E1-42A7-9641-D2FCCE1A4D69}.Debug|Any CPU.Build.0 = Debug|Any CPU
		{AC6BBC81-88E1-42A7-9641-D2FCCE1A4D69}.Release|Any CPU.ActiveCfg = Release|Any CPU
		{AC6BBC81-88E1-42A7-9641-D2FCCE1A4D69}.Release|Any CPU.Build.0 = Release|Any CPU
		{0037D096-985C-43AF-BBF8-826C8EADEB14}.Debug|Any CPU.ActiveCfg = Debug|Any CPU
		{0037D096-985C-43AF-BBF8-826C8EADEB14}.Debug|Any CPU.Build.0 = Debug|Any CPU
		{0037D096-985C-43AF-BBF8-826C8EADEB14}.Release|Any CPU.ActiveCfg = Release|Any CPU
		{0037D096-985C-43AF-BBF8-826C8EADEB14}.Release|Any CPU.Build.0 = Release|Any CPU
	EndGlobalSection
	GlobalSection(SolutionProperties) = preSolution
		HideSolutionNode = FALSE
	EndGlobalSection
	GlobalSection(ExtensibilityGlobals) = postSolution
		SolutionGuid = {62FB2F61-20F9-444E-9D79-5A4D846E9B98}
	EndGlobalSection
EndGlobal
